// !$*UTF8*$!
{
	archiveVersion = 1;
	classes = {
	};
	objectVersion = 56;
	objects = {

/* Begin PBXBuildFile section */
		3E99203A2CCCBB5500A800FB /* viewcomponentbaharApp.swift in Sources */ = {isa = PBXBuildFile; fileRef = 3E9920392CCCBB5500A800FB /* viewcomponentbaharApp.swift */; };
		3E99203C2CCCBB5500A800FB /* ContentView.swift in Sources */ = {isa = PBXBuildFile; fileRef = 3E99203B2CCCBB5500A800FB /* ContentView.swift */; };
		3E99203E2CCCBB5700A800FB /* Assets.xcassets in Resources */ = {isa = PBXBuildFile; fileRef = 3E99203D2CCCBB5700A800FB /* Assets.xcassets */; };
		3E9920412CCCBB5700A800FB /* Preview Assets.xcassets in Resources */ = {isa = PBXBuildFile; fileRef = 3E9920402CCCBB5700A800FB /* Preview Assets.xcassets */; };
		3E99204B2CCCBB5700A800FB /* viewcomponentbaharTests.swift in Sources */ = {isa = PBXBuildFile; fileRef = 3E99204A2CCCBB5700A800FB /* viewcomponentbaharTests.swift */; };
		3E9920552CCCBB5700A800FB /* viewcomponentbaharUITests.swift in Sources */ = {isa = PBXBuildFile; fileRef = 3E9920542CCCBB5700A800FB /* viewcomponentbaharUITests.swift */; };
		3E9920572CCCBB5700A800FB /* viewcomponentbaharUITestsLaunchTests.swift in Sources */ = {isa = PBXBuildFile; fileRef = 3E9920562CCCBB5700A800FB /* viewcomponentbaharUITestsLaunchTests.swift */; };
/* End PBXBuildFile section */

/* Begin PBXContainerItemProxy section */
		3E9920472CCCBB5700A800FB /* PBXContainerItemProxy */ = {
			isa = PBXContainerItemProxy;
			containerPortal = 3E99202E2CCCBB5500A800FB /* Project object */;
			proxyType = 1;
			remoteGlobalIDString = 3E9920352CCCBB5500A800FB;
			remoteInfo = viewcomponentbahar;
		};
		3E9920512CCCBB5700A800FB /* PBXContainerItemProxy */ = {
			isa = PBXContainerItemProxy;
			containerPortal = 3E99202E2CCCBB5500A800FB /* Project object */;
			proxyType = 1;
			remoteGlobalIDString = 3E9920352CCCBB5500A800FB;
			remoteInfo = viewcomponentbahar;
		};
/* End PBXContainerItemProxy section */

/* Begin PBXFileReference section */
		3E9920362CCCBB5500A800FB /* viewcomponentbahar.app */ = {isa = PBXFileReference; explicitFileType = wrapper.application; includeInIndex = 0; path = viewcomponentbahar.app; sourceTree = BUILT_PRODUCTS_DIR; };
		3E9920392CCCBB5500A800FB /* viewcomponentbaharApp.swift */ = {isa = PBXFileReference; lastKnownFileType = sourcecode.swift; path = viewcomponentbaharApp.swift; sourceTree = "<group>"; };
		3E99203B2CCCBB5500A800FB /* ContentView.swift */ = {isa = PBXFileReference; lastKnownFileType = sourcecode.swift; path = ContentView.swift; sourceTree = "<group>"; };
		3E99203D2CCCBB5700A800FB /* Assets.xcassets */ = {isa = PBXFileReference; lastKnownFileType = folder.assetcatalog; path = Assets.xcassets; sourceTree = "<group>"; };
		3E9920402CCCBB5700A800FB /* Preview Assets.xcassets */ = {isa = PBXFileReference; lastKnownFileType = folder.assetcatalog; path = "Preview Assets.xcassets"; sourceTree = "<group>"; };
		3E9920462CCCBB5700A800FB /* viewcomponentbaharTests.xctest */ = {isa = PBXFileReference; explicitFileType = wrapper.cfbundle; includeInIndex = 0; path = viewcomponentbaharTests.xctest; sourceTree = BUILT_PRODUCTS_DIR; };
		3E99204A2CCCBB5700A800FB /* viewcomponentbaharTests.swift */ = {isa = PBXFileReference; lastKnownFileType = sourcecode.swift; path = viewcomponentbaharTests.swift; sourceTree = "<group>"; };
		3E9920502CCCBB5700A800FB /* viewcomponentbaharUITests.xctest */ = {isa = PBXFileReference; explicitFileType = wrapper.cfbundle; includeInIndex = 0; path = viewcomponentbaharUITests.xctest; sourceTree = BUILT_PRODUCTS_DIR; };
		3E9920542CCCBB5700A800FB /* viewcomponentbaharUITests.swift */ = {isa = PBXFileReference; lastKnownFileType = sourcecode.swift; path = viewcomponentbaharUITests.swift; sourceTree = "<group>"; };
		3E9920562CCCBB5700A800FB /* viewcomponentbaharUITestsLaunchTests.swift */ = {isa = PBXFileReference; lastKnownFileType = sourcecode.swift; path = viewcomponentbaharUITestsLaunchTests.swift; sourceTree = "<group>"; };
/* End PBXFileReference section */

/* Begin PBXFrameworksBuildPhase section */
		3E9920332CCCBB5500A800FB /* Frameworks */ = {
			isa = PBXFrameworksBuildPhase;
			buildActionMask = 2147483647;
			files = (
			);
			runOnlyForDeploymentPostprocessing = 0;
		};
		3E9920432CCCBB5700A800FB /* Frameworks */ = {
			isa = PBXFrameworksBuildPhase;
			buildActionMask = 2147483647;
			files = (
			);
			runOnlyForDeploymentPostprocessing = 0;
		};
		3E99204D2CCCBB5700A800FB /* Frameworks */ = {
			isa = PBXFrameworksBuildPhase;
			buildActionMask = 2147483647;
			files = (
			);
			runOnlyForDeploymentPostprocessing = 0;
		};
/* End PBXFrameworksBuildPhase section */

/* Begin PBXGroup section */
		3E99202D2CCCBB5500A800FB = {
			isa = PBXGroup;
			children = (
				3E9920382CCCBB5500A800FB /* viewcomponentbahar */,
				3E9920492CCCBB5700A800FB /* viewcomponentbaharTests */,
				3E9920532CCCBB5700A800FB /* viewcomponentbaharUITests */,
				3E9920372CCCBB5500A800FB /* Products */,
			);
			sourceTree = "<group>";
		};
		3E9920372CCCBB5500A800FB /* Products */ = {
			isa = PBXGroup;
			children = (
				3E9920362CCCBB5500A800FB /* viewcomponentbahar.app */,
				3E9920462CCCBB5700A800FB /* viewcomponentbaharTests.xctest */,
				3E9920502CCCBB5700A800FB /* viewcomponentbaharUITests.xctest */,
			);
			name = Products;
			sourceTree = "<group>";
		};
		3E9920382CCCBB5500A800FB /* viewcomponentbahar */ = {
			isa = PBXGroup;
			children = (
				3E9920392CCCBB5500A800FB /* viewcomponentbaharApp.swift */,
				3E99203B2CCCBB5500A800FB /* ContentView.swift */,
				3E99203D2CCCBB5700A800FB /* Assets.xcassets */,
				3E99203F2CCCBB5700A800FB /* Preview Content */,
			);
			path = viewcomponentbahar;
			sourceTree = "<group>";
		};
		3E99203F2CCCBB5700A800FB /* Preview Content */ = {
			isa = PBXGroup;
			children = (
				3E9920402CCCBB5700A800FB /* Preview Assets.xcassets */,
			);
			path = "Preview Content";
			sourceTree = "<group>";
		};
		3E9920492CCCBB5700A800FB /* viewcomponentbaharTests */ = {
			isa = PBXGroup;
			children = (
				3E99204A2CCCBB5700A800FB /* viewcomponentbaharTests.swift */,
			);
			path = viewcomponentbaharTests;
			sourceTree = "<group>";
		};
		3E9920532CCCBB5700A800FB /* viewcomponentbaharUITests */ = {
			isa = PBXGroup;
			children = (
				3E9920542CCCBB5700A800FB /* viewcomponentbaharUITests.swift */,
				3E9920562CCCBB5700A800FB /* viewcomponentbaharUITestsLaunchTests.swift */,
			);
			path = viewcomponentbaharUITests;
			sourceTree = "<group>";
		};
/* End PBXGroup section */

/* Begin PBXNativeTarget section */
		3E9920352CCCBB5500A800FB /* viewcomponentbahar */ = {
			isa = PBXNativeTarget;
			buildConfigurationList = 3E99205A2CCCBB5700A800FB /* Build configuration list for PBXNativeTarget "viewcomponentbahar" */;
			buildPhases = (
				3E9920322CCCBB5500A800FB /* Sources */,
				3E9920332CCCBB5500A800FB /* Frameworks */,
				3E9920342CCCBB5500A800FB /* Resources */,
			);
			buildRules = (
			);
			dependencies = (
			);
			name = viewcomponentbahar;
			productName = viewcomponentbahar;
			productReference = 3E9920362CCCBB5500A800FB /* viewcomponentbahar.app */;
			productType = "com.apple.product-type.application";
		};
		3E9920452CCCBB5700A800FB /* viewcomponentbaharTests */ = {
			isa = PBXNativeTarget;
			buildConfigurationList = 3E99205D2CCCBB5700A800FB /* Build configuration list for PBXNativeTarget "viewcomponentbaharTests" */;
			buildPhases = (
				3E9920422CCCBB5700A800FB /* Sources */,
				3E9920432CCCBB5700A800FB /* Frameworks */,
				3E9920442CCCBB5700A800FB /* Resources */,
			);
			buildRules = (
			);
			dependencies = (
				3E9920482CCCBB5700A800FB /* PBXTargetDependency */,
			);
			name = viewcomponentbaharTests;
			productName = viewcomponentbaharTests;
			productReference = 3E9920462CCCBB5700A800FB /* viewcomponentbaharTests.xctest */;
			productType = "com.apple.product-type.bundle.unit-test";
		};
		3E99204F2CCCBB5700A800FB /* viewcomponentbaharUITests */ = {
			isa = PBXNativeTarget;
			buildConfigurationList = 3E9920602CCCBB5700A800FB /* Build configuration list for PBXNativeTarget "viewcomponentbaharUITests" */;
			buildPhases = (
				3E99204C2CCCBB5700A800FB /* Sources */,
				3E99204D2CCCBB5700A800FB /* Frameworks */,
				3E99204E2CCCBB5700A800FB /* Resources */,
			);
			buildRules = (
			);
			dependencies = (
				3E9920522CCCBB5700A800FB /* PBXTargetDependency */,
			);
			name = viewcomponentbaharUITests;
			productName = viewcomponentbaharUITests;
			productReference = 3E9920502CCCBB5700A800FB /* viewcomponentbaharUITests.xctest */;
			productType = "com.apple.product-type.bundle.ui-testing";
		};
/* End PBXNativeTarget section */

/* Begin PBXProject section */
		3E99202E2CCCBB5500A800FB /* Project object */ = {
			isa = PBXProject;
			attributes = {
				BuildIndependentTargetsInParallel = 1;
				LastSwiftUpdateCheck = 1530;
				LastUpgradeCheck = 1530;
				TargetAttributes = {
					3E9920352CCCBB5500A800FB = {
						CreatedOnToolsVersion = 15.3;
					};
					3E9920452CCCBB5700A800FB = {
						CreatedOnToolsVersion = 15.3;
						TestTargetID = 3E9920352CCCBB5500A800FB;
					};
					3E99204F2CCCBB5700A800FB = {
						CreatedOnToolsVersion = 15.3;
						TestTargetID = 3E9920352CCCBB5500A800FB;
					};
				};
			};
			buildConfigurationList = 3E9920312CCCBB5500A800FB /* Build configuration list for PBXProject "viewcomponentbahar" */;
			compatibilityVersion = "Xcode 14.0";
			developmentRegion = en;
			hasScannedForEncodings = 0;
			knownRegions = (
				en,
				Base,
			);
			mainGroup = 3E99202D2CCCBB5500A800FB;
			productRefGroup = 3E9920372CCCBB5500A800FB /* Products */;
			projectDirPath = "";
			projectRoot = "";
			targets = (
				3E9920352CCCBB5500A800FB /* viewcomponentbahar */,
				3E9920452CCCBB5700A800FB /* viewcomponentbaharTests */,
				3E99204F2CCCBB5700A800FB /* viewcomponentbaharUITests */,
			);
		};
/* End PBXProject section */

/* Begin PBXResourcesBuildPhase section */
		3E9920342CCCBB5500A800FB /* Resources */ = {
			isa = PBXResourcesBuildPhase;
			buildActionMask = 2147483647;
			files = (
				3E9920412CCCBB5700A800FB /* Preview Assets.xcassets in Resources */,
				3E99203E2CCCBB5700A800FB /* Assets.xcassets in Resources */,
			);
			runOnlyForDeploymentPostprocessing = 0;
		};
		3E9920442CCCBB5700A800FB /* Resources */ = {
			isa = PBXResourcesBuildPhase;
			buildActionMask = 2147483647;
			files = (
			);
			runOnlyForDeploymentPostprocessing = 0;
		};
		3E99204E2CCCBB5700A800FB /* Resources */ = {
			isa = PBXResourcesBuildPhase;
			buildActionMask = 2147483647;
			files = (
			);
			runOnlyForDeploymentPostprocessing = 0;
		};
/* End PBXResourcesBuildPhase section */

/* Begin PBXSourcesBuildPhase section */
		3E9920322CCCBB5500A800FB /* Sources */ = {
			isa = PBXSourcesBuildPhase;
			buildActionMask = 2147483647;
			files = (
				3E99203C2CCCBB5500A800FB /* ContentView.swift in Sources */,
				3E99203A2CCCBB5500A800FB /* viewcomponentbaharApp.swift in Sources */,
			);
			runOnlyForDeploymentPostprocessing = 0;
		};
		3E9920422CCCBB5700A800FB /* Sources */ = {
			isa = PBXSourcesBuildPhase;
			buildActionMask = 2147483647;
			files = (
				3E99204B2CCCBB5700A800FB /* viewcomponentbaharTests.swift in Sources */,
			);
			runOnlyForDeploymentPostprocessing = 0;
		};
		3E99204C2CCCBB5700A800FB /* Sources */ = {
			isa = PBXSourcesBuildPhase;
			buildActionMask = 2147483647;
			files = (
				3E9920572CCCBB5700A800FB /* viewcomponentbaharUITestsLaunchTests.swift in Sources */,
				3E9920552CCCBB5700A800FB /* viewcomponentbaharUITests.swift in Sources */,
			);
			runOnlyForDeploymentPostprocessing = 0;
		};
/* End PBXSourcesBuildPhase section */

/* Begin PBXTargetDependency section */
		3E9920482CCCBB5700A800FB /* PBXTargetDependency */ = {
			isa = PBXTargetDependency;
			target = 3E9920352CCCBB5500A800FB /* viewcomponentbahar */;
			targetProxy = 3E9920472CCCBB5700A800FB /* PBXContainerItemProxy */;
		};
		3E9920522CCCBB5700A800FB /* PBXTargetDependency */ = {
			isa = PBXTargetDependency;
			target = 3E9920352CCCBB5500A800FB /* viewcomponentbahar */;
			targetProxy = 3E9920512CCCBB5700A800FB /* PBXContainerItemProxy */;
		};
/* End PBXTargetDependency section */

/* Begin XCBuildConfiguration section */
		3E9920582CCCBB5700A800FB /* Debug */ = {
			isa = XCBuildConfiguration;
			buildSettings = {
				ALWAYS_SEARCH_USER_PATHS = NO;
				ASSETCATALOG_COMPILER_GENERATE_SWIFT_ASSET_SYMBOL_EXTENSIONS = YES;
				CLANG_ANALYZER_NONNULL = YES;
				CLANG_ANALYZER_NUMBER_OBJECT_CONVERSION = YES_AGGRESSIVE;
				CLANG_CXX_LANGUAGE_STANDARD = "gnu++20";
				CLANG_ENABLE_MODULES = YES;
				CLANG_ENABLE_OBJC_ARC = YES;
				CLANG_ENABLE_OBJC_WEAK = YES;
				CLANG_WARN_BLOCK_CAPTURE_AUTORELEASING = YES;
				CLANG_WARN_BOOL_CONVERSION = YES;
				CLANG_WARN_COMMA = YES;
				CLANG_WARN_CONSTANT_CONVERSION = YES;
				CLANG_WARN_DEPRECATED_OBJC_IMPLEMENTATIONS = YES;
				CLANG_WARN_DIRECT_OBJC_ISA_USAGE = YES_ERROR;
				CLANG_WARN_DOCUMENTATION_COMMENTS = YES;
				CLANG_WARN_EMPTY_BODY = YES;
				CLANG_WARN_ENUM_CONVERSION = YES;
				CLANG_WARN_INFINITE_RECURSION = YES;
				CLANG_WARN_INT_CONVERSION = YES;
				CLANG_WARN_NON_LITERAL_NULL_CONVERSION = YES;
				CLANG_WARN_OBJC_IMPLICIT_RETAIN_SELF = YES;
				CLANG_WARN_OBJC_LITERAL_CONVERSION = YES;
				CLANG_WARN_OBJC_ROOT_CLASS = YES_ERROR;
				CLANG_WARN_QUOTED_INCLUDE_IN_FRAMEWORK_HEADER = YES;
				CLANG_WARN_RANGE_LOOP_ANALYSIS = YES;
				CLANG_WARN_STRICT_PROTOTYPES = YES;
				CLANG_WARN_SUSPICIOUS_MOVE = YES;
				CLANG_WARN_UNGUARDED_AVAILABILITY = YES_AGGRESSIVE;
				CLANG_WARN_UNREACHABLE_CODE = YES;
				CLANG_WARN__DUPLICATE_METHOD_MATCH = YES;
				COPY_PHASE_STRIP = NO;
				DEBUG_INFORMATION_FORMAT = dwarf;
				ENABLE_STRICT_OBJC_MSGSEND = YES;
				ENABLE_TESTABILITY = YES;
				ENABLE_USER_SCRIPT_SANDBOXING = YES;
				GCC_C_LANGUAGE_STANDARD = gnu17;
				GCC_DYNAMIC_NO_PIC = NO;
				GCC_NO_COMMON_BLOCKS = YES;
				GCC_OPTIMIZATION_LEVEL = 0;
				GCC_PREPROCESSOR_DEFINITIONS = (
					"DEBUG=1",
					"$(inherited)",
				);
				GCC_WARN_64_TO_32_BIT_CONVERSION = YES;
				GCC_WARN_ABOUT_RETURN_TYPE = YES_ERROR;
				GCC_WARN_UNDECLARED_SELECTOR = YES;
				GCC_WARN_UNINITIALIZED_AUTOS = YES_AGGRESSIVE;
				GCC_WARN_UNUSED_FUNCTION = YES;
				GCC_WARN_UNUSED_VARIABLE = YES;
				IPHONEOS_DEPLOYMENT_TARGET = 17.4;
				LOCALIZATION_PREFERS_STRING_CATALOGS = YES;
				MTL_ENABLE_DEBUG_INFO = INCLUDE_SOURCE;
				MTL_FAST_MATH = YES;
				ONLY_ACTIVE_ARCH = YES;
				SDKROOT = iphoneos;
				SWIFT_ACTIVE_COMPILATION_CONDITIONS = "DEBUG $(inherited)";
				SWIFT_OPTIMIZATION_LEVEL = "-Onone";
			};
			name = Debug;
		};
		3E9920592CCCBB5700A800FB /* Release */ = {
			isa = XCBuildConfiguration;
			buildSettings = {
				ALWAYS_SEARCH_USER_PATHS = NO;
				ASSETCATALOG_COMPILER_GENERATE_SWIFT_ASSET_SYMBOL_EXTENSIONS = YES;
				CLANG_ANALYZER_NONNULL = YES;
				CLANG_ANALYZER_NUMBER_OBJECT_CONVERSION = YES_AGGRESSIVE;
				CLANG_CXX_LANGUAGE_STANDARD = "gnu++20";
				CLANG_ENABLE_MODULES = YES;
				CLANG_ENABLE_OBJC_ARC = YES;
				CLANG_ENABLE_OBJC_WEAK = YES;
				CLANG_WARN_BLOCK_CAPTURE_AUTORELEASING = YES;
				CLANG_WARN_BOOL_CONVERSION = YES;
				CLANG_WARN_COMMA = YES;
				CLANG_WARN_CONSTANT_CONVERSION = YES;
				CLANG_WARN_DEPRECATED_OBJC_IMPLEMENTATIONS = YES;
				CLANG_WARN_DIRECT_OBJC_ISA_USAGE = YES_ERROR;
				CLANG_WARN_DOCUMENTATION_COMMENTS = YES;
				CLANG_WARN_EMPTY_BODY = YES;
				CLANG_WARN_ENUM_CONVERSION = YES;
				CLANG_WARN_INFINITE_RECURSION = YES;
				CLANG_WARN_INT_CONVERSION = YES;
				CLANG_WARN_NON_LITERAL_NULL_CONVERSION = YES;
				CLANG_WARN_OBJC_IMPLICIT_RETAIN_SELF = YES;
				CLANG_WARN_OBJC_LITERAL_CONVERSION = YES;
				CLANG_WARN_OBJC_ROOT_CLASS = YES_ERROR;
				CLANG_WARN_QUOTED_INCLUDE_IN_FRAMEWORK_HEADER = YES;
				CLANG_WARN_RANGE_LOOP_ANALYSIS = YES;
				CLANG_WARN_STRICT_PROTOTYPES = YES;
				CLANG_WARN_SUSPICIOUS_MOVE = YES;
				CLANG_WARN_UNGUARDED_AVAILABILITY = YES_AGGRESSIVE;
				CLANG_WARN_UNREACHABLE_CODE = YES;
				CLANG_WARN__DUPLICATE_METHOD_MATCH = YES;
				COPY_PHASE_STRIP = NO;
				DEBUG_INFORMATION_FORMAT = "dwarf-with-dsym";
				ENABLE_NS_ASSERTIONS = NO;
				ENABLE_STRICT_OBJC_MSGSEND = YES;
				ENABLE_USER_SCRIPT_SANDBOXING = YES;
				GCC_C_LANGUAGE_STANDARD = gnu17;
				GCC_NO_COMMON_BLOCKS = YES;
				GCC_WARN_64_TO_32_BIT_CONVERSION = YES;
				GCC_WARN_ABOUT_RETURN_TYPE = YES_ERROR;
				GCC_WARN_UNDECLARED_SELECTOR = YES;
				GCC_WARN_UNINITIALIZED_AUTOS = YES_AGGRESSIVE;
				GCC_WARN_UNUSED_FUNCTION = YES;
				GCC_WARN_UNUSED_VARIABLE = YES;
				IPHONEOS_DEPLOYMENT_TARGET = 17.4;
				LOCALIZATION_PREFERS_STRING_CATALOGS = YES;
				MTL_ENABLE_DEBUG_INFO = NO;
				MTL_FAST_MATH = YES;
				SDKROOT = iphoneos;
				SWIFT_COMPILATION_MODE = wholemodule;
				VALIDATE_PRODUCT = YES;
			};
			name = Release;
		};
		3E99205B2CCCBB5700A800FB /* Debug */ = {
			isa = XCBuildConfiguration;
			buildSettings = {
				ASSETCATALOG_COMPILER_APPICON_NAME = AppIcon;
				ASSETCATALOG_COMPILER_GLOBAL_ACCENT_COLOR_NAME = AccentColor;
				CODE_SIGN_STYLE = Automatic;
				CURRENT_PROJECT_VERSION = 1;
				DEVELOPMENT_ASSET_PATHS = "\"viewcomponentbahar/Preview Content\"";
				DEVELOPMENT_TEAM = H4GC6L6LZ7;
				ENABLE_PREVIEWS = YES;
				GENERATE_INFOPLIST_FILE = YES;
				INFOPLIST_KEY_UIApplicationSceneManifest_Generation = YES;
				INFOPLIST_KEY_UIApplicationSupportsIndirectInputEvents = YES;
				INFOPLIST_KEY_UILaunchScreen_Generation = YES;
				INFOPLIST_KEY_UISupportedInterfaceOrientations_iPad = "UIInterfaceOrientationPortrait UIInterfaceOrientationPortraitUpsideDown UIInterfaceOrientationLandscapeLeft UIInterfaceOrientationLandscapeRight";
				INFOPLIST_KEY_UISupportedInterfaceOrientations_iPhone = "UIInterfaceOrientationPortrait UIInterfaceOrientationLandscapeLeft UIInterfaceOrientationLandscapeRight";
				LD_RUNPATH_SEARCH_PATHS = (
					"$(inherited)",
					"@executable_path/Frameworks",
				);
				MARKETING_VERSION = 1.0;
				PRODUCT_BUNDLE_IDENTIFIER = com.Gonlsali.viewcomponentbahar;
				PRODUCT_NAME = "$(TARGET_NAME)";
				SWIFT_EMIT_LOC_STRINGS = YES;
				SWIFT_VERSION = 5.0;
				TARGETED_DEVICE_FAMILY = "1,2";
			};
			name = Debug;
		};
		3E99205C2CCCBB5700A800FB /* Release */ = {
			isa = XCBuildConfiguration;
			buildSettings = {
				ASSETCATALOG_COMPILER_APPICON_NAME = AppIcon;
				ASSETCATALOG_COMPILER_GLOBAL_ACCENT_COLOR_NAME = AccentColor;
				CODE_SIGN_STYLE = Automatic;
				CURRENT_PROJECT_VERSION = 1;
				DEVELOPMENT_ASSET_PATHS = "\"viewcomponentbahar/Preview Content\"";
				DEVELOPMENT_TEAM = H4GC6L6LZ7;
				ENABLE_PREVIEWS = YES;
				GENERATE_INFOPLIST_FILE = YES;
				INFOPLIST_KEY_UIApplicationSceneManifest_Generation = YES;
				INFOPLIST_KEY_UIApplicationSupportsIndirectInputEvents = YES;
				INFOPLIST_KEY_UILaunchScreen_Generation = YES;
				INFOPLIST_KEY_UISupportedInterfaceOrientations_iPad = "UIInterfaceOrientationPortrait UIInterfaceOrientationPortraitUpsideDown UIInterfaceOrientationLandscapeLeft UIInterfaceOrientationLandscapeRight";
				INFOPLIST_KEY_UISupportedInterfaceOrientations_iPhone = "UIInterfaceOrientationPortrait UIInterfaceOrientationLandscapeLeft UIInterfaceOrientationLandscapeRight";
				LD_RUNPATH_SEARCH_PATHS = (
					"$(inherited)",
					"@executable_path/Frameworks",
				);
				MARKETING_VERSION = 1.0;
				PRODUCT_BUNDLE_IDENTIFIER = com.Gonlsali.viewcomponentbahar;
				PRODUCT_NAME = "$(TARGET_NAME)";
				SWIFT_EMIT_LOC_STRINGS = YES;
				SWIFT_VERSION = 5.0;
				TARGETED_DEVICE_FAMILY = "1,2";
			};
			name = Release;
		};
		3E99205E2CCCBB5700A800FB /* Debug */ = {
			isa = XCBuildConfiguration;
			buildSettings = {
				ALWAYS_EMBED_SWIFT_STANDARD_LIBRARIES = YES;
				BUNDLE_LOADER = "$(TEST_HOST)";
				CODE_SIGN_STYLE = Automatic;
				CURRENT_PROJECT_VERSION = 1;
				DEVELOPMENT_TEAM = H4GC6L6LZ7;
				GENERATE_INFOPLIST_FILE = YES;
				IPHONEOS_DEPLOYMENT_TARGET = 17.4;
				MARKETING_VERSION = 1.0;
				PRODUCT_BUNDLE_IDENTIFIER = com.Gonlsali.viewcomponentbaharTests;
				PRODUCT_NAME = "$(TARGET_NAME)";
				SWIFT_EMIT_LOC_STRINGS = NO;
				SWIFT_VERSION = 5.0;
				TARGETED_DEVICE_FAMILY = "1,2";
				TEST_HOST = "$(BUILT_PRODUCTS_DIR)/viewcomponentbahar.app/$(BUNDLE_EXECUTABLE_FOLDER_PATH)/viewcomponentbahar";
			};
			name = Debug;
		};
		3E99205F2CCCBB5700A800FB /* Release */ = {
			isa = XCBuildConfiguration;
			buildSettings = {
				ALWAYS_EMBED_SWIFT_STANDARD_LIBRARIES = YES;
				BUNDLE_LOADER = "$(TEST_HOST)";
				CODE_SIGN_STYLE = Automatic;
				CURRENT_PROJECT_VERSION = 1;
				DEVELOPMENT_TEAM = H4GC6L6LZ7;
				GENERATE_INFOPLIST_FILE = YES;
				IPHONEOS_DEPLOYMENT_TARGET = 17.4;
				MARKETING_VERSION = 1.0;
				PRODUCT_BUNDLE_IDENTIFIER = com.Gonlsali.viewcomponentbaharTests;
				PRODUCT_NAME = "$(TARGET_NAME)";
				SWIFT_EMIT_LOC_STRINGS = NO;
				SWIFT_VERSION = 5.0;
				TARGETED_DEVICE_FAMILY = "1,2";
				TEST_HOST = "$(BUILT_PRODUCTS_DIR)/viewcomponentbahar.app/$(BUNDLE_EXECUTABLE_FOLDER_PATH)/viewcomponentbahar";
			};
			name = Release;
		};
		3E9920612CCCBB5700A800FB /* Debug */ = {
			isa = XCBuildConfiguration;
			buildSettings = {
				ALWAYS_EMBED_SWIFT_STANDARD_LIBRARIES = YES;
				CODE_SIGN_STYLE = Automatic;
				CURRENT_PROJECT_VERSION = 1;
				DEVELOPMENT_TEAM = H4GC6L6LZ7;
				GENERATE_INFOPLIST_FILE = YES;
				MARKETING_VERSION = 1.0;
				PRODUCT_BUNDLE_IDENTIFIER = com.Gonlsali.viewcomponentbaharUITests;
				PRODUCT_NAME = "$(TARGET_NAME)";
				SWIFT_EMIT_LOC_STRINGS = NO;
				SWIFT_VERSION = 5.0;
				TARGETED_DEVICE_FAMILY = "1,2";
				TEST_TARGET_NAME = viewcomponentbahar;
			};
			name = Debug;
		};
		3E9920622CCCBB5700A800FB /* Release */ = {
			isa = XCBuildConfiguration;
			buildSettings = {
				ALWAYS_EMBED_SWIFT_STANDARD_LIBRARIES = YES;
				CODE_SIGN_STYLE = Automatic;
				CURRENT_PROJECT_VERSION = 1;
				DEVELOPMENT_TEAM = H4GC6L6LZ7;
				GENERATE_INFOPLIST_FILE = YES;
				MARKETING_VERSION = 1.0;
				PRODUCT_BUNDLE_IDENTIFIER = com.Gonlsali.viewcomponentbaharUITests;
				PRODUCT_NAME = "$(TARGET_NAME)";
				SWIFT_EMIT_LOC_STRINGS = NO;
				SWIFT_VERSION = 5.0;
				TARGETED_DEVICE_FAMILY = "1,2";
				TEST_TARGET_NAME = viewcomponentbahar;
			};
			name = Release;
		};
/* End XCBuildConfiguration section */

/* Begin XCConfigurationList section */
		3E9920312CCCBB5500A800FB /* Build configuration list for PBXProject "viewcomponentbahar" */ = {
			isa = XCConfigurationList;
			buildConfigurations = (
				3E9920582CCCBB5700A800FB /* Debug */,
				3E9920592CCCBB5700A800FB /* Release */,
			);
			defaultConfigurationIsVisible = 0;
			defaultConfigurationName = Release;
		};
		3E99205A2CCCBB5700A800FB /* Build configuration list for PBXNativeTarget "viewcomponentbahar" */ = {
			isa = XCConfigurationList;
			buildConfigurations = (
				3E99205B2CCCBB5700A800FB /* Debug */,
				3E99205C2CCCBB5700A800FB /* Release */,
			);
			defaultConfigurationIsVisible = 0;
			defaultConfigurationName = Release;
		};
		3E99205D2CCCBB5700A800FB /* Build configuration list for PBXNativeTarget "viewcomponentbaharTests" */ = {
			isa = XCConfigurationList;
			buildConfigurations = (
				3E99205E2CCCBB5700A800FB /* Debug */,
				3E99205F2CCCBB5700A800FB /* Release */,
			);
			defaultConfigurationIsVisible = 0;
			defaultConfigurationName = Release;
		};
		3E9920602CCCBB5700A800FB /* Build configuration list for PBXNativeTarget "viewcomponentbaharUITests" */ = {
			isa = XCConfigurationList;
			buildConfigurations = (
				3E9920612CCCBB5700A800FB /* Debug */,
				3E9920622CCCBB5700A800FB /* Release */,
			);
			defaultConfigurationIsVisible = 0;
			defaultConfigurationName = Release;
		};
/* End XCConfigurationList section */
	};
	rootObject = 3E99202E2CCCBB5500A800FB /* Project object */;
}
